
Microsoft Visual Studio Solution File, Format Version 12.00
Project("{FAE04EC0-301F-11D3-BF4B-00C04F79EFBC}") = "du", "du.csproj", "{C05967DA-EBA9-4FC0-B026-5F3F8646FE1F}"
EndProject
Global
	GlobalSection(SolutionConfigurationPlatforms) = preSolution
		Debug|Any CPU = Debug|Any CPU
		Release|Any CPU = Release|Any CPU
	EndGlobalSection
	GlobalSection(ProjectConfigurationPlatforms) = postSolution
		{C05967DA-EBA9-4FC0-B026-5F3F8646FE1F}.Debug|Any CPU.ActiveCfg = Debug|Any CPU
		{C05967DA-EBA9-4FC0-B026-5F3F8646FE1F}.Debug|Any CPU.Build.0 = Debug|Any CPU
		{C05967DA-EBA9-4FC0-B026-5F3F8646FE1F}.Release|Any CPU.ActiveCfg = Release|Any CPU
		{C05967DA-EBA9-4FC0-B026-5F3F8646FE1F}.Release|Any CPU.Build.0 = Release|Any CPU
	EndGlobalSection
EndGlobal
